PODS:
  - Coordinator (0.1.0):
    - Coordinator/Core (= 0.1.0)
  - Coordinator/Core (0.1.0)

DEPENDENCIES:
  - Coordinator (from `../`)

EXTERNAL SOURCES:
  Coordinator:
    :path: ../

SPEC CHECKSUMS:
  Coordinator: a57e4e205b84be32f264d0714858f45beabc416a

PODFILE CHECKSUM: 42a7d0e3a1f87a4a2009e358be7496a531a4e887

COCOAPODS: 1.3.1
