// !$*UTF8*$!
{
	archiveVersion = 1;
	classes = {
	};
	objectVersion = 48;
	objects = {

/* Begin PBXBuildFile section */
		934847E7201D34F50032332E /* AppDelegate.swift in Sources */ = {isa = PBXBuildFile; fileRef = 934847E6201D34F50032332E /* AppDelegate.swift */; };
		934847EE201D34F50032332E /* Assets.xcassets in Resources */ = {isa = PBXBuildFile; fileRef = 934847ED201D34F50032332E /* Assets.xcassets */; };
		934847F1201D34F50032332E /* LaunchScreen.storyboard in Resources */ = {isa = PBXBuildFile; fileRef = 934847EF201D34F50032332E /* LaunchScreen.storyboard */; };
		934936A2201E9F8C005106FE /* NavigatorGoTests.swift in Sources */ = {isa = PBXBuildFile; fileRef = 934936A1201E9F8C005106FE /* NavigatorGoTests.swift */; };
		93539565201D5020005F584E /* NavigationContextTests.swift in Sources */ = {isa = PBXBuildFile; fileRef = 93539563201D5020005F584E /* NavigationContextTests.swift */; };
		93539566201D5020005F584E /* NavigatorGoBackTests.swift in Sources */ = {isa = PBXBuildFile; fileRef = 93539564201D5020005F584E /* NavigatorGoBackTests.swift */; };
		9353956C201D5027005F584E /* TestPreconditions.swift in Sources */ = {isa = PBXBuildFile; fileRef = 93539569201D5026005F584E /* TestPreconditions.swift */; };
		9353956D201D5027005F584E /* TestCoordinators.swift in Sources */ = {isa = PBXBuildFile; fileRef = 9353956A201D5026005F584E /* TestCoordinators.swift */; };
		9353956E201D502B005F584E /* TestFlowCoordinators.swift in Sources */ = {isa = PBXBuildFile; fileRef = 93539568201D5026005F584E /* TestFlowCoordinators.swift */; };
		9384A44F201D41EF00B9AFE7 /* Corduroy.framework in Frameworks */ = {isa = PBXBuildFile; fileRef = 9384A44E201D41E000B9AFE7 /* Corduroy.framework */; };
		AB6762F22140EA27005C3A0F /* TestTabCoordinators.swift in Sources */ = {isa = PBXBuildFile; fileRef = AB6762F12140EA27005C3A0F /* TestTabCoordinators.swift */; };
		AB82E89D213A373200FDCE50 /* Nimble.framework in Frameworks */ = {isa = PBXBuildFile; fileRef = AB82E896213A36FC00FDCE50 /* Nimble.framework */; };
/* End PBXBuildFile section */

/* Begin PBXContainerItemProxy section */
		9353955E201D4FF6005F584E /* PBXContainerItemProxy */ = {
			isa = PBXContainerItemProxy;
			containerPortal = 934847DB201D34F50032332E /* Project object */;
			proxyType = 1;
			remoteGlobalIDString = 934847E2201D34F50032332E;
			remoteInfo = CorduroyTests;
		};
		9384A44D201D41E000B9AFE7 /* PBXContainerItemProxy */ = {
			isa = PBXContainerItemProxy;
			containerPortal = 9384A449201D41E000B9AFE7 /* Corduroy.xcodeproj */;
			proxyType = 2;
			remoteGlobalIDString = 930C086B200BF2A600B0B934;
			remoteInfo = Corduroy;
		};
		AB82E891213A36FC00FDCE50 /* PBXContainerItemProxy */ = {
			isa = PBXContainerItemProxy;
			containerPortal = AB82E887213A36FB00FDCE50 /* Nimble.xcodeproj */;
			proxyType = 2;
			remoteGlobalIDString = 1F925EAD195C0D6300ED456B;
			remoteInfo = "Nimble-macOS";
		};
		AB82E893213A36FC00FDCE50 /* PBXContainerItemProxy */ = {
			isa = PBXContainerItemProxy;
			containerPortal = AB82E887213A36FB00FDCE50 /* Nimble.xcodeproj */;
			proxyType = 2;
			remoteGlobalIDString = 1F925EB7195C0D6300ED456B;
			remoteInfo = "Nimble-macOSTests";
		};
		AB82E895213A36FC00FDCE50 /* PBXContainerItemProxy */ = {
			isa = PBXContainerItemProxy;
			containerPortal = AB82E887213A36FB00FDCE50 /* Nimble.xcodeproj */;
			proxyType = 2;
			remoteGlobalIDString = 1F1A74291940169200FFFC47;
			remoteInfo = "Nimble-iOS";
		};
		AB82E897213A36FC00FDCE50 /* PBXContainerItemProxy */ = {
			isa = PBXContainerItemProxy;
			containerPortal = AB82E887213A36FB00FDCE50 /* Nimble.xcodeproj */;
			proxyType = 2;
			remoteGlobalIDString = 1F1A74341940169200FFFC47;
			remoteInfo = "Nimble-iOSTests";
		};
		AB82E899213A36FC00FDCE50 /* PBXContainerItemProxy */ = {
			isa = PBXContainerItemProxy;
			containerPortal = AB82E887213A36FB00FDCE50 /* Nimble.xcodeproj */;
			proxyType = 2;
			remoteGlobalIDString = 1F5DF1551BDCA0CE00C3A531;
			remoteInfo = "Nimble-tvOS";
		};
		AB82E89B213A36FC00FDCE50 /* PBXContainerItemProxy */ = {
			isa = PBXContainerItemProxy;
			containerPortal = AB82E887213A36FB00FDCE50 /* Nimble.xcodeproj */;
			proxyType = 2;
			remoteGlobalIDString = 1F5DF15E1BDCA0CE00C3A531;
			remoteInfo = "Nimble-tvOSTests";
		};
/* End PBXContainerItemProxy section */

/* Begin PBXCopyFilesBuildPhase section */
		93539576201D53A2005F584E /* Embed Frameworks */ = {
			isa = PBXCopyFilesBuildPhase;
			buildActionMask = 2147483647;
			dstPath = "";
			dstSubfolderSpec = 10;
			files = (
			);
			name = "Embed Frameworks";
			runOnlyForDeploymentPostprocessing = 0;
		};
/* End PBXCopyFilesBuildPhase section */

/* Begin PBXFileReference section */
		934847E3201D34F50032332E /* CorduroyTests.app */ = {isa = PBXFileReference; explicitFileType = wrapper.application; includeInIndex = 0; path = CorduroyTests.app; sourceTree = BUILT_PRODUCTS_DIR; };
		934847E6201D34F50032332E /* AppDelegate.swift */ = {isa = PBXFileReference; lastKnownFileType = sourcecode.swift; path = AppDelegate.swift; sourceTree = "<group>"; };
		934847ED201D34F50032332E /* Assets.xcassets */ = {isa = PBXFileReference; lastKnownFileType = folder.assetcatalog; path = Assets.xcassets; sourceTree = "<group>"; };
		934847F0201D34F50032332E /* Base */ = {isa = PBXFileReference; lastKnownFileType = file.storyboard; name = Base; path = Base.lproj/LaunchScreen.storyboard; sourceTree = "<group>"; };
		934847F2201D34F50032332E /* Info.plist */ = {isa = PBXFileReference; lastKnownFileType = text.plist.xml; path = Info.plist; sourceTree = "<group>"; };
		934936A1201E9F8C005106FE /* NavigatorGoTests.swift */ = {isa = PBXFileReference; lastKnownFileType = sourcecode.swift; path = NavigatorGoTests.swift; sourceTree = "<group>"; };
		93539559201D4FF6005F584E /* Tests.xctest */ = {isa = PBXFileReference; explicitFileType = wrapper.cfbundle; includeInIndex = 0; path = Tests.xctest; sourceTree = BUILT_PRODUCTS_DIR; };
		9353955D201D4FF6005F584E /* Info.plist */ = {isa = PBXFileReference; lastKnownFileType = text.plist.xml; path = Info.plist; sourceTree = "<group>"; };
		93539563201D5020005F584E /* NavigationContextTests.swift */ = {isa = PBXFileReference; fileEncoding = 4; lastKnownFileType = sourcecode.swift; path = NavigationContextTests.swift; sourceTree = "<group>"; };
		93539564201D5020005F584E /* NavigatorGoBackTests.swift */ = {isa = PBXFileReference; fileEncoding = 4; lastKnownFileType = sourcecode.swift; path = NavigatorGoBackTests.swift; sourceTree = "<group>"; };
		93539568201D5026005F584E /* TestFlowCoordinators.swift */ = {isa = PBXFileReference; fileEncoding = 4; lastKnownFileType = sourcecode.swift; path = TestFlowCoordinators.swift; sourceTree = "<group>"; };
		93539569201D5026005F584E /* TestPreconditions.swift */ = {isa = PBXFileReference; fileEncoding = 4; lastKnownFileType = sourcecode.swift; path = TestPreconditions.swift; sourceTree = "<group>"; };
		9353956A201D5026005F584E /* TestCoordinators.swift */ = {isa = PBXFileReference; fileEncoding = 4; lastKnownFileType = sourcecode.swift; path = TestCoordinators.swift; sourceTree = "<group>"; };
		9384A449201D41E000B9AFE7 /* Corduroy.xcodeproj */ = {isa = PBXFileReference; lastKnownFileType = "wrapper.pb-project"; name = Corduroy.xcodeproj; path = ../Corduroy.xcodeproj; sourceTree = "<group>"; };
		AB6762F12140EA27005C3A0F /* TestTabCoordinators.swift */ = {isa = PBXFileReference; lastKnownFileType = sourcecode.swift; path = TestTabCoordinators.swift; sourceTree = "<group>"; };
		AB82E887213A36FB00FDCE50 /* Nimble.xcodeproj */ = {isa = PBXFileReference; lastKnownFileType = "wrapper.pb-project"; name = Nimble.xcodeproj; path = NImble/Nimble.xcodeproj; sourceTree = "<group>"; };
/* End PBXFileReference section */

/* Begin PBXFrameworksBuildPhase section */
		934847E0201D34F50032332E /* Frameworks */ = {
			isa = PBXFrameworksBuildPhase;
			buildActionMask = 2147483647;
			files = (
				AB82E89D213A373200FDCE50 /* Nimble.framework in Frameworks */,
				9384A44F201D41EF00B9AFE7 /* Corduroy.framework in Frameworks */,
			);
			runOnlyForDeploymentPostprocessing = 0;
		};
		93539556201D4FF6005F584E /* Frameworks */ = {
			isa = PBXFrameworksBuildPhase;
			buildActionMask = 2147483647;
			files = (
			);
			runOnlyForDeploymentPostprocessing = 0;
		};
/* End PBXFrameworksBuildPhase section */

/* Begin PBXGroup section */
		934847DA201D34F50032332E = {
			isa = PBXGroup;
			children = (
				AB82E887213A36FB00FDCE50 /* Nimble.xcodeproj */,
				9384A449201D41E000B9AFE7 /* Corduroy.xcodeproj */,
				934847E5201D34F50032332E /* Mock App */,
				9353955A201D4FF6005F584E /* Tests */,
				934847E4201D34F50032332E /* Products */,
				9C9ADCA6C16ED15C6E516CF6 /* Frameworks */,
			);
			sourceTree = "<group>";
		};
		934847E4201D34F50032332E /* Products */ = {
			isa = PBXGroup;
			children = (
				934847E3201D34F50032332E /* CorduroyTests.app */,
				93539559201D4FF6005F584E /* Tests.xctest */,
			);
			name = Products;
			sourceTree = "<group>";
		};
		934847E5201D34F50032332E /* Mock App */ = {
			isa = PBXGroup;
			children = (
				934847E6201D34F50032332E /* AppDelegate.swift */,
				934847ED201D34F50032332E /* Assets.xcassets */,
				934847EF201D34F50032332E /* LaunchScreen.storyboard */,
				934847F2201D34F50032332E /* Info.plist */,
			);
			path = "Mock App";
			sourceTree = "<group>";
		};
		9353955A201D4FF6005F584E /* Tests */ = {
			isa = PBXGroup;
			children = (
				93539567201D5026005F584E /* Test Objects */,
				93539563201D5020005F584E /* NavigationContextTests.swift */,
				934936A1201E9F8C005106FE /* NavigatorGoTests.swift */,
				93539564201D5020005F584E /* NavigatorGoBackTests.swift */,
				9353955D201D4FF6005F584E /* Info.plist */,
			);
			path = Tests;
			sourceTree = "<group>";
		};
		93539567201D5026005F584E /* Test Objects */ = {
			isa = PBXGroup;
			children = (
				9353956A201D5026005F584E /* TestCoordinators.swift */,
				93539568201D5026005F584E /* TestFlowCoordinators.swift */,
				93539569201D5026005F584E /* TestPreconditions.swift */,
				AB6762F12140EA27005C3A0F /* TestTabCoordinators.swift */,
			);
			path = "Test Objects";
			sourceTree = "<group>";
		};
		9384A44A201D41E000B9AFE7 /* Products */ = {
			isa = PBXGroup;
			children = (
				9384A44E201D41E000B9AFE7 /* Corduroy.framework */,
			);
			name = Products;
			sourceTree = "<group>";
		};
		9C9ADCA6C16ED15C6E516CF6 /* Frameworks */ = {
			isa = PBXGroup;
			children = (
			);
			name = Frameworks;
			sourceTree = "<group>";
		};
		AB82E888213A36FB00FDCE50 /* Products */ = {
			isa = PBXGroup;
			children = (
				AB82E892213A36FC00FDCE50 /* Nimble.framework */,
				AB82E894213A36FC00FDCE50 /* NimbleTests.xctest */,
				AB82E896213A36FC00FDCE50 /* Nimble.framework */,
				AB82E898213A36FC00FDCE50 /* NimbleTests.xctest */,
				AB82E89A213A36FC00FDCE50 /* Nimble.framework */,
				AB82E89C213A36FC00FDCE50 /* NimbleTests.xctest */,
			);
			name = Products;
			sourceTree = "<group>";
		};
/* End PBXGroup section */

/* Begin PBXNativeTarget section */
		934847E2201D34F50032332E /* CorduroyTests */ = {
			isa = PBXNativeTarget;
			buildConfigurationList = 93484800201D34F50032332E /* Build configuration list for PBXNativeTarget "CorduroyTests" */;
			buildPhases = (
				934847DF201D34F50032332E /* Sources */,
				934847E0201D34F50032332E /* Frameworks */,
				934847E1201D34F50032332E /* Resources */,
				93539576201D53A2005F584E /* Embed Frameworks */,
			);
			buildRules = (
			);
			dependencies = (
			);
			name = CorduroyTests;
			productName = CorduroyTests;
			productReference = 934847E3201D34F50032332E /* CorduroyTests.app */;
			productType = "com.apple.product-type.application";
		};
		93539558201D4FF6005F584E /* Tests */ = {
			isa = PBXNativeTarget;
			buildConfigurationList = 93539560201D4FF6005F584E /* Build configuration list for PBXNativeTarget "Tests" */;
			buildPhases = (
				93539555201D4FF6005F584E /* Sources */,
				93539556201D4FF6005F584E /* Frameworks */,
				93539557201D4FF6005F584E /* Resources */,
			);
			buildRules = (
			);
			dependencies = (
				9353955F201D4FF6005F584E /* PBXTargetDependency */,
			);
			name = Tests;
			productName = Tests;
			productReference = 93539559201D4FF6005F584E /* Tests.xctest */;
			productType = "com.apple.product-type.bundle.unit-test";
		};
/* End PBXNativeTarget section */

/* Begin PBXProject section */
		934847DB201D34F50032332E /* Project object */ = {
			isa = PBXProject;
			attributes = {
				LastSwiftUpdateCheck = 0920;
				LastUpgradeCheck = 0920;
				ORGANIZATIONNAME = "Aaron Bosnjak";
				TargetAttributes = {
					934847E2201D34F50032332E = {
						CreatedOnToolsVersion = 9.2;
						LastSwiftMigration = 1000;
						ProvisioningStyle = Automatic;
					};
					93539558201D4FF6005F584E = {
						CreatedOnToolsVersion = 9.2;
						LastSwiftMigration = 1000;
						ProvisioningStyle = Automatic;
						TestTargetID = 934847E2201D34F50032332E;
					};
				};
			};
			buildConfigurationList = 934847DE201D34F50032332E /* Build configuration list for PBXProject "CorduroyTests" */;
			compatibilityVersion = "Xcode 8.0";
			developmentRegion = en;
			hasScannedForEncodings = 0;
			knownRegions = (
				en,
				Base,
			);
			mainGroup = 934847DA201D34F50032332E;
			productRefGroup = 934847E4201D34F50032332E /* Products */;
			projectDirPath = "";
			projectReferences = (
				{
					ProductGroup = 9384A44A201D41E000B9AFE7 /* Products */;
					ProjectRef = 9384A449201D41E000B9AFE7 /* Corduroy.xcodeproj */;
				},
				{
					ProductGroup = AB82E888213A36FB00FDCE50 /* Products */;
					ProjectRef = AB82E887213A36FB00FDCE50 /* Nimble.xcodeproj */;
				},
			);
			projectRoot = "";
			targets = (
				934847E2201D34F50032332E /* CorduroyTests */,
				93539558201D4FF6005F584E /* Tests */,
			);
		};
/* End PBXProject section */

/* Begin PBXReferenceProxy section */
		9384A44E201D41E000B9AFE7 /* Corduroy.framework */ = {
			isa = PBXReferenceProxy;
			fileType = wrapper.framework;
			path = Corduroy.framework;
			remoteRef = 9384A44D201D41E000B9AFE7 /* PBXContainerItemProxy */;
			sourceTree = BUILT_PRODUCTS_DIR;
		};
		AB82E892213A36FC00FDCE50 /* Nimble.framework */ = {
			isa = PBXReferenceProxy;
			fileType = wrapper.framework;
			path = Nimble.framework;
			remoteRef = AB82E891213A36FC00FDCE50 /* PBXContainerItemProxy */;
			sourceTree = BUILT_PRODUCTS_DIR;
		};
		AB82E894213A36FC00FDCE50 /* NimbleTests.xctest */ = {
			isa = PBXReferenceProxy;
			fileType = wrapper.cfbundle;
			path = NimbleTests.xctest;
			remoteRef = AB82E893213A36FC00FDCE50 /* PBXContainerItemProxy */;
			sourceTree = BUILT_PRODUCTS_DIR;
		};
		AB82E896213A36FC00FDCE50 /* Nimble.framework */ = {
			isa = PBXReferenceProxy;
			fileType = wrapper.framework;
			path = Nimble.framework;
			remoteRef = AB82E895213A36FC00FDCE50 /* PBXContainerItemProxy */;
			sourceTree = BUILT_PRODUCTS_DIR;
		};
		AB82E898213A36FC00FDCE50 /* NimbleTests.xctest */ = {
			isa = PBXReferenceProxy;
			fileType = wrapper.cfbundle;
			path = NimbleTests.xctest;
			remoteRef = AB82E897213A36FC00FDCE50 /* PBXContainerItemProxy */;
			sourceTree = BUILT_PRODUCTS_DIR;
		};
		AB82E89A213A36FC00FDCE50 /* Nimble.framework */ = {
			isa = PBXReferenceProxy;
			fileType = wrapper.framework;
			path = Nimble.framework;
			remoteRef = AB82E899213A36FC00FDCE50 /* PBXContainerItemProxy */;
			sourceTree = BUILT_PRODUCTS_DIR;
		};
		AB82E89C213A36FC00FDCE50 /* NimbleTests.xctest */ = {
			isa = PBXReferenceProxy;
			fileType = wrapper.cfbundle;
			path = NimbleTests.xctest;
			remoteRef = AB82E89B213A36FC00FDCE50 /* PBXContainerItemProxy */;
			sourceTree = BUILT_PRODUCTS_DIR;
		};
/* End PBXReferenceProxy section */

/* Begin PBXResourcesBuildPhase section */
		934847E1201D34F50032332E /* Resources */ = {
			isa = PBXResourcesBuildPhase;
			buildActionMask = 2147483647;
			files = (
				934847F1201D34F50032332E /* LaunchScreen.storyboard in Resources */,
				934847EE201D34F50032332E /* Assets.xcassets in Resources */,
			);
			runOnlyForDeploymentPostprocessing = 0;
		};
		93539557201D4FF6005F584E /* Resources */ = {
			isa = PBXResourcesBuildPhase;
			buildActionMask = 2147483647;
			files = (
			);
			runOnlyForDeploymentPostprocessing = 0;
		};
/* End PBXResourcesBuildPhase section */

/* Begin PBXSourcesBuildPhase section */
		934847DF201D34F50032332E /* Sources */ = {
			isa = PBXSourcesBuildPhase;
			buildActionMask = 2147483647;
			files = (
				934847E7201D34F50032332E /* AppDelegate.swift in Sources */,
			);
			runOnlyForDeploymentPostprocessing = 0;
		};
		93539555201D4FF6005F584E /* Sources */ = {
			isa = PBXSourcesBuildPhase;
			buildActionMask = 2147483647;
			files = (
				9353956C201D5027005F584E /* TestPreconditions.swift in Sources */,
				9353956E201D502B005F584E /* TestFlowCoordinators.swift in Sources */,
				93539566201D5020005F584E /* NavigatorGoBackTests.swift in Sources */,
				9353956D201D5027005F584E /* TestCoordinators.swift in Sources */,
				93539565201D5020005F584E /* NavigationContextTests.swift in Sources */,
				934936A2201E9F8C005106FE /* NavigatorGoTests.swift in Sources */,
				AB6762F22140EA27005C3A0F /* TestTabCoordinators.swift in Sources */,
			);
			runOnlyForDeploymentPostprocessing = 0;
		};
/* End PBXSourcesBuildPhase section */

/* Begin PBXTargetDependency section */
		9353955F201D4FF6005F584E /* PBXTargetDependency */ = {
			isa = PBXTargetDependency;
			target = 934847E2201D34F50032332E /* CorduroyTests */;
			targetProxy = 9353955E201D4FF6005F584E /* PBXContainerItemProxy */;
		};
/* End PBXTargetDependency section */

/* Begin PBXVariantGroup section */
		934847EF201D34F50032332E /* LaunchScreen.storyboard */ = {
			isa = PBXVariantGroup;
			children = (
				934847F0201D34F50032332E /* Base */,
			);
			name = LaunchScreen.storyboard;
			sourceTree = "<group>";
		};
/* End PBXVariantGroup section */

/* Begin XCBuildConfiguration section */
		934847FE201D34F50032332E /* Debug */ = {
			isa = XCBuildConfiguration;
			buildSettings = {
				ALWAYS_SEARCH_USER_PATHS = NO;
				CLANG_ANALYZER_NONNULL = YES;
				CLANG_ANALYZER_NUMBER_OBJECT_CONVERSION = YES_AGGRESSIVE;
				CLANG_CXX_LANGUAGE_STANDARD = "gnu++14";
				CLANG_CXX_LIBRARY = "libc++";
				CLANG_ENABLE_MODULES = YES;
				CLANG_ENABLE_OBJC_ARC = YES;
				CLANG_WARN_BLOCK_CAPTURE_AUTORELEASING = YES;
				CLANG_WARN_BOOL_CONVERSION = YES;
				CLANG_WARN_COMMA = YES;
				CLANG_WARN_CONSTANT_CONVERSION = YES;
				CLANG_WARN_DIRECT_OBJC_ISA_USAGE = YES_ERROR;
				CLANG_WARN_DOCUMENTATION_COMMENTS = YES;
				CLANG_WARN_EMPTY_BODY = YES;
				CLANG_WARN_ENUM_CONVERSION = YES;
				CLANG_WARN_INFINITE_RECURSION = YES;
				CLANG_WARN_INT_CONVERSION = YES;
				CLANG_WARN_NON_LITERAL_NULL_CONVERSION = YES;
				CLANG_WARN_OBJC_LITERAL_CONVERSION = YES;
				CLANG_WARN_OBJC_ROOT_CLASS = YES_ERROR;
				CLANG_WARN_RANGE_LOOP_ANALYSIS = YES;
				CLANG_WARN_STRICT_PROTOTYPES = YES;
				CLANG_WARN_SUSPICIOUS_MOVE = YES;
				CLANG_WARN_UNGUARDED_AVAILABILITY = YES_AGGRESSIVE;
				CLANG_WARN_UNREACHABLE_CODE = YES;
				CLANG_WARN__DUPLICATE_METHOD_MATCH = YES;
				CODE_SIGN_IDENTITY = "iPhone Developer";
				COPY_PHASE_STRIP = NO;
				DEBUG_INFORMATION_FORMAT = dwarf;
				ENABLE_STRICT_OBJC_MSGSEND = YES;
				ENABLE_TESTABILITY = YES;
				GCC_C_LANGUAGE_STANDARD = gnu11;
				GCC_DYNAMIC_NO_PIC = NO;
				GCC_NO_COMMON_BLOCKS = YES;
				GCC_OPTIMIZATION_LEVEL = 0;
				GCC_PREPROCESSOR_DEFINITIONS = (
					"DEBUG=1",
					"$(inherited)",
				);
				GCC_WARN_64_TO_32_BIT_CONVERSION = YES;
				GCC_WARN_ABOUT_RETURN_TYPE = YES_ERROR;
				GCC_WARN_UNDECLARED_SELECTOR = YES;
				GCC_WARN_UNINITIALIZED_AUTOS = YES_AGGRESSIVE;
				GCC_WARN_UNUSED_FUNCTION = YES;
				GCC_WARN_UNUSED_VARIABLE = YES;
				IPHONEOS_DEPLOYMENT_TARGET = 11.2;
				MTL_ENABLE_DEBUG_INFO = YES;
				ONLY_ACTIVE_ARCH = YES;
				SDKROOT = iphoneos;
				SWIFT_ACTIVE_COMPILATION_CONDITIONS = DEBUG;
				SWIFT_OPTIMIZATION_LEVEL = "-Onone";
			};
			name = Debug;
		};
		934847FF201D34F50032332E /* Release */ = {
			isa = XCBuildConfiguration;
			buildSettings = {
				ALWAYS_SEARCH_USER_PATHS = NO;
				CLANG_ANALYZER_NONNULL = YES;
				CLANG_ANALYZER_NUMBER_OBJECT_CONVERSION = YES_AGGRESSIVE;
				CLANG_CXX_LANGUAGE_STANDARD = "gnu++14";
				CLANG_CXX_LIBRARY = "libc++";
				CLANG_ENABLE_MODULES = YES;
				CLANG_ENABLE_OBJC_ARC = YES;
				CLANG_WARN_BLOCK_CAPTURE_AUTORELEASING = YES;
				CLANG_WARN_BOOL_CONVERSION = YES;
				CLANG_WARN_COMMA = YES;
				CLANG_WARN_CONSTANT_CONVERSION = YES;
				CLANG_WARN_DIRECT_OBJC_ISA_USAGE = YES_ERROR;
				CLANG_WARN_DOCUMENTATION_COMMENTS = YES;
				CLANG_WARN_EMPTY_BODY = YES;
				CLANG_WARN_ENUM_CONVERSION = YES;
				CLANG_WARN_INFINITE_RECURSION = YES;
				CLANG_WARN_INT_CONVERSION = YES;
				CLANG_WARN_NON_LITERAL_NULL_CONVERSION = YES;
				CLANG_WARN_OBJC_LITERAL_CONVERSION = YES;
				CLANG_WARN_OBJC_ROOT_CLASS = YES_ERROR;
				CLANG_WARN_RANGE_LOOP_ANALYSIS = YES;
				CLANG_WARN_STRICT_PROTOTYPES = YES;
				CLANG_WARN_SUSPICIOUS_MOVE = YES;
				CLANG_WARN_UNGUARDED_AVAILABILITY = YES_AGGRESSIVE;
				CLANG_WARN_UNREACHABLE_CODE = YES;
				CLANG_WARN__DUPLICATE_METHOD_MATCH = YES;
				CODE_SIGN_IDENTITY = "iPhone Developer";
				COPY_PHASE_STRIP = NO;
				DEBUG_INFORMATION_FORMAT = "dwarf-with-dsym";
				ENABLE_NS_ASSERTIONS = NO;
				ENABLE_STRICT_OBJC_MSGSEND = YES;
				GCC_C_LANGUAGE_STANDARD = gnu11;
				GCC_NO_COMMON_BLOCKS = YES;
				GCC_WARN_64_TO_32_BIT_CONVERSION = YES;
				GCC_WARN_ABOUT_RETURN_TYPE = YES_ERROR;
				GCC_WARN_UNDECLARED_SELECTOR = YES;
				GCC_WARN_UNINITIALIZED_AUTOS = YES_AGGRESSIVE;
				GCC_WARN_UNUSED_FUNCTION = YES;
				GCC_WARN_UNUSED_VARIABLE = YES;
				IPHONEOS_DEPLOYMENT_TARGET = 11.2;
				MTL_ENABLE_DEBUG_INFO = NO;
				SDKROOT = iphoneos;
				SWIFT_OPTIMIZATION_LEVEL = "-Owholemodule";
				VALIDATE_PRODUCT = YES;
			};
			name = Release;
		};
		93484801201D34F50032332E /* Debug */ = {
			isa = XCBuildConfiguration;
			buildSettings = {
				ASSETCATALOG_COMPILER_APPICON_NAME = AppIcon;
				CODE_SIGN_STYLE = Automatic;
				DEVELOPMENT_TEAM = HE8Y2NA5B5;
				FRAMEWORK_SEARCH_PATHS = "$(inherited)";
				INFOPLIST_FILE = "Mock App/Info.plist";
				IPHONEOS_DEPLOYMENT_TARGET = 9.0;
				LD_RUNPATH_SEARCH_PATHS = "$(inherited) @executable_path/Frameworks";
				PRODUCT_BUNDLE_IDENTIFIER = com.AaronBosnjak.CorduroyTests;
				PRODUCT_NAME = "$(TARGET_NAME)";
				SWIFT_VERSION = 4.2;
				TARGETED_DEVICE_FAMILY = "1,2";
			};
			name = Debug;
		};
		93484802201D34F50032332E /* Release */ = {
			isa = XCBuildConfiguration;
			buildSettings = {
				ASSETCATALOG_COMPILER_APPICON_NAME = AppIcon;
				CODE_SIGN_STYLE = Automatic;
				DEVELOPMENT_TEAM = HE8Y2NA5B5;
				FRAMEWORK_SEARCH_PATHS = "$(inherited)";
				INFOPLIST_FILE = "Mock App/Info.plist";
				IPHONEOS_DEPLOYMENT_TARGET = 9.0;
				LD_RUNPATH_SEARCH_PATHS = "$(inherited) @executable_path/Frameworks";
				PRODUCT_BUNDLE_IDENTIFIER = com.AaronBosnjak.CorduroyTests;
				PRODUCT_NAME = "$(TARGET_NAME)";
				SWIFT_VERSION = 4.2;
				TARGETED_DEVICE_FAMILY = "1,2";
			};
			name = Release;
		};
		93539561201D4FF6005F584E /* Debug */ = {
			isa = XCBuildConfiguration;
			buildSettings = {
				ARCHS = "$(ARCHS_STANDARD)";
				BUNDLE_LOADER = "$(TEST_HOST)";
				CODE_SIGN_STYLE = Automatic;
				DEVELOPMENT_TEAM = HE8Y2NA5B5;
				FRAMEWORK_SEARCH_PATHS = "$(inherited)";
				INFOPLIST_FILE = Tests/Info.plist;
				LD_RUNPATH_SEARCH_PATHS = "$(inherited) @executable_path/Frameworks @loader_path/Frameworks";
				PRODUCT_BUNDLE_IDENTIFIER = com.AaronBosnjak.Tests;
				PRODUCT_NAME = "$(TARGET_NAME)";
				SWIFT_VERSION = 4.2;
				TARGETED_DEVICE_FAMILY = "1,2";
				TEST_HOST = "$(BUILT_PRODUCTS_DIR)/CorduroyTests.app/CorduroyTests";
			};
			name = Debug;
		};
		93539562201D4FF6005F584E /* Release */ = {
			isa = XCBuildConfiguration;
			buildSettings = {
				ARCHS = "$(ARCHS_STANDARD)";
				BUNDLE_LOADER = "$(TEST_HOST)";
				CODE_SIGN_STYLE = Automatic;
				DEVELOPMENT_TEAM = HE8Y2NA5B5;
				FRAMEWORK_SEARCH_PATHS = "$(inherited)";
				INFOPLIST_FILE = Tests/Info.plist;
				LD_RUNPATH_SEARCH_PATHS = "$(inherited) @executable_path/Frameworks @loader_path/Frameworks";
				PRODUCT_BUNDLE_IDENTIFIER = com.AaronBosnjak.Tests;
				PRODUCT_NAME = "$(TARGET_NAME)";
				SWIFT_VERSION = 4.2;
				TARGETED_DEVICE_FAMILY = "1,2";
				TEST_HOST = "$(BUILT_PRODUCTS_DIR)/CorduroyTests.app/CorduroyTests";
			};
			name = Release;
		};
/* End XCBuildConfiguration section */

/* Begin XCConfigurationList section */
		934847DE201D34F50032332E /* Build configuration list for PBXProject "CorduroyTests" */ = {
			isa = XCConfigurationList;
			buildConfigurations = (
				934847FE201D34F50032332E /* Debug */,
				934847FF201D34F50032332E /* Release */,
			);
			defaultConfigurationIsVisible = 0;
			defaultConfigurationName = Release;
		};
		93484800201D34F50032332E /* Build configuration list for PBXNativeTarget "CorduroyTests" */ = {
			isa = XCConfigurationList;
			buildConfigurations = (
				93484801201D34F50032332E /* Debug */,
				93484802201D34F50032332E /* Release */,
			);
			defaultConfigurationIsVisible = 0;
			defaultConfigurationName = Release;
		};
		93539560201D4FF6005F584E /* Build configuration list for PBXNativeTarget "Tests" */ = {
			isa = XCConfigurationList;
			buildConfigurations = (
				93539561201D4FF6005F584E /* Debug */,
				93539562201D4FF6005F584E /* Release */,
			);
			defaultConfigurationIsVisible = 0;
			defaultConfigurationName = Release;
		};
/* End XCConfigurationList section */
	};
	rootObject = 934847DB201D34F50032332E /* Project object */;
}
