// !$*UTF8*$!
{
	archiveVersion = 1;
	classes = {
	};
	objectVersion = 48;
	objects = {

/* Begin PBXBuildFile section */
		93069142200BEC1D00B1C9B9 /* AppDelegate.swift in Sources */ = {isa = PBXBuildFile; fileRef = 93069141200BEC1D00B1C9B9 /* AppDelegate.swift */; };
		9306914C200BEC1D00B1C9B9 /* LaunchScreen.storyboard in Resources */ = {isa = PBXBuildFile; fileRef = 9306914A200BEC1D00B1C9B9 /* LaunchScreen.storyboard */; };
		93069155200BED0000B1C9B9 /* WelcomeViewController.swift in Sources */ = {isa = PBXBuildFile; fileRef = 93069154200BECFF00B1C9B9 /* WelcomeViewController.swift */; };
		9306915C200BED6D00B1C9B9 /* SignupFormViewController.swift in Sources */ = {isa = PBXBuildFile; fileRef = 93069158200BED6D00B1C9B9 /* SignupFormViewController.swift */; };
		9306915D200BED6D00B1C9B9 /* SignupCompleteViewController.swift in Sources */ = {isa = PBXBuildFile; fileRef = 93069159200BED6D00B1C9B9 /* SignupCompleteViewController.swift */; };
		9306915E200BED6D00B1C9B9 /* SignupSecurityQuestionViewController.swift in Sources */ = {isa = PBXBuildFile; fileRef = 9306915A200BED6D00B1C9B9 /* SignupSecurityQuestionViewController.swift */; };
		9306915F200BED6D00B1C9B9 /* SignupFlowCoordinator.swift in Sources */ = {isa = PBXBuildFile; fileRef = 9306915B200BED6D00B1C9B9 /* SignupFlowCoordinator.swift */; };
		93069162200BED9F00B1C9B9 /* HomeCoordinator.swift in Sources */ = {isa = PBXBuildFile; fileRef = 93069160200BED9F00B1C9B9 /* HomeCoordinator.swift */; };
		93069163200BED9F00B1C9B9 /* HomeViewController.swift in Sources */ = {isa = PBXBuildFile; fileRef = 93069161200BED9F00B1C9B9 /* HomeViewController.swift */; };
		9316D09E20520CB700D1A5E8 /* Main.storyboard in Resources */ = {isa = PBXBuildFile; fileRef = 9316D09D20520CB700D1A5E8 /* Main.storyboard */; };
		9316D0A420538F2000D1A5E8 /* LoginFlowCoordinator.swift in Sources */ = {isa = PBXBuildFile; fileRef = 9316D0A320538F2000D1A5E8 /* LoginFlowCoordinator.swift */; };
		9316D0A720538FB000D1A5E8 /* LoggedInPrecondition.swift in Sources */ = {isa = PBXBuildFile; fileRef = 9316D0A620538FB000D1A5E8 /* LoggedInPrecondition.swift */; };
		9316D0A92053901400D1A5E8 /* LoginViewController.swift in Sources */ = {isa = PBXBuildFile; fileRef = 9316D0A82053901400D1A5E8 /* LoginViewController.swift */; };
		9316D0AB2053903A00D1A5E8 /* SecurityQuestionViewController.swift in Sources */ = {isa = PBXBuildFile; fileRef = 9316D0AA2053903A00D1A5E8 /* SecurityQuestionViewController.swift */; };
		936CC8C320673FEB0073076D /* ProductsViewController.swift in Sources */ = {isa = PBXBuildFile; fileRef = 936CC8C220673FEB0073076D /* ProductsViewController.swift */; };
		ABB9631A21632C7800519963 /* SettingsViewController.swift in Sources */ = {isa = PBXBuildFile; fileRef = ABB9631921632C7800519963 /* SettingsViewController.swift */; };
		ABB9631C21658FB200519963 /* Signup.storyboard in Resources */ = {isa = PBXBuildFile; fileRef = ABB9631B21658FB200519963 /* Signup.storyboard */; };
		CD8A66525B4CE6CCBDCF5902 /* Pods_CorduroyExample.framework in Frameworks */ = {isa = PBXBuildFile; fileRef = 954F4CBAAEA48633E74F5565 /* Pods_CorduroyExample.framework */; };
/* End PBXBuildFile section */

/* Begin PBXCopyFilesBuildPhase section */
		930C0895200BFC7100B0B934 /* Embed Frameworks */ = {
			isa = PBXCopyFilesBuildPhase;
			buildActionMask = 2147483647;
			dstPath = "";
			dstSubfolderSpec = 10;
			files = (
			);
			name = "Embed Frameworks";
			runOnlyForDeploymentPostprocessing = 0;
		};
/* End PBXCopyFilesBuildPhase section */

/* Begin PBXFileReference section */
		28A7F94775841F7FE1338178 /* Pods-CorduroyExample.release.xcconfig */ = {isa = PBXFileReference; includeInIndex = 1; lastKnownFileType = text.xcconfig; name = "Pods-CorduroyExample.release.xcconfig"; path = "Target Support Files/Pods-CorduroyExample/Pods-CorduroyExample.release.xcconfig"; sourceTree = "<group>"; };
		9306913E200BEC1D00B1C9B9 /* CorduroyExample.app */ = {isa = PBXFileReference; explicitFileType = wrapper.application; includeInIndex = 0; path = CorduroyExample.app; sourceTree = BUILT_PRODUCTS_DIR; };
		93069141200BEC1D00B1C9B9 /* AppDelegate.swift */ = {isa = PBXFileReference; lastKnownFileType = sourcecode.swift; path = AppDelegate.swift; sourceTree = "<group>"; };
		9306914B200BEC1D00B1C9B9 /* Base */ = {isa = PBXFileReference; lastKnownFileType = file.storyboard; name = Base; path = Base.lproj/LaunchScreen.storyboard; sourceTree = "<group>"; };
		9306914D200BEC1D00B1C9B9 /* Info.plist */ = {isa = PBXFileReference; lastKnownFileType = text.plist.xml; path = Info.plist; sourceTree = "<group>"; };
		93069154200BECFF00B1C9B9 /* WelcomeViewController.swift */ = {isa = PBXFileReference; lastKnownFileType = sourcecode.swift; path = WelcomeViewController.swift; sourceTree = "<group>"; };
		93069158200BED6D00B1C9B9 /* SignupFormViewController.swift */ = {isa = PBXFileReference; fileEncoding = 4; lastKnownFileType = sourcecode.swift; path = SignupFormViewController.swift; sourceTree = "<group>"; };
		93069159200BED6D00B1C9B9 /* SignupCompleteViewController.swift */ = {isa = PBXFileReference; fileEncoding = 4; lastKnownFileType = sourcecode.swift; path = SignupCompleteViewController.swift; sourceTree = "<group>"; };
		9306915A200BED6D00B1C9B9 /* SignupSecurityQuestionViewController.swift */ = {isa = PBXFileReference; fileEncoding = 4; lastKnownFileType = sourcecode.swift; path = SignupSecurityQuestionViewController.swift; sourceTree = "<group>"; };
		9306915B200BED6D00B1C9B9 /* SignupFlowCoordinator.swift */ = {isa = PBXFileReference; fileEncoding = 4; lastKnownFileType = sourcecode.swift; path = SignupFlowCoordinator.swift; sourceTree = "<group>"; };
		93069160200BED9F00B1C9B9 /* HomeCoordinator.swift */ = {isa = PBXFileReference; fileEncoding = 4; lastKnownFileType = sourcecode.swift; path = HomeCoordinator.swift; sourceTree = "<group>"; };
		93069161200BED9F00B1C9B9 /* HomeViewController.swift */ = {isa = PBXFileReference; fileEncoding = 4; lastKnownFileType = sourcecode.swift; path = HomeViewController.swift; sourceTree = "<group>"; };
		9316D09D20520CB700D1A5E8 /* Main.storyboard */ = {isa = PBXFileReference; lastKnownFileType = file.storyboard; path = Main.storyboard; sourceTree = "<group>"; };
		9316D0A320538F2000D1A5E8 /* LoginFlowCoordinator.swift */ = {isa = PBXFileReference; lastKnownFileType = sourcecode.swift; path = LoginFlowCoordinator.swift; sourceTree = "<group>"; };
		9316D0A620538FB000D1A5E8 /* LoggedInPrecondition.swift */ = {isa = PBXFileReference; lastKnownFileType = sourcecode.swift; path = LoggedInPrecondition.swift; sourceTree = "<group>"; };
		9316D0A82053901400D1A5E8 /* LoginViewController.swift */ = {isa = PBXFileReference; lastKnownFileType = sourcecode.swift; path = LoginViewController.swift; sourceTree = "<group>"; };
		9316D0AA2053903A00D1A5E8 /* SecurityQuestionViewController.swift */ = {isa = PBXFileReference; lastKnownFileType = sourcecode.swift; path = SecurityQuestionViewController.swift; sourceTree = "<group>"; };
		936CC8C220673FEB0073076D /* ProductsViewController.swift */ = {isa = PBXFileReference; lastKnownFileType = sourcecode.swift; path = ProductsViewController.swift; sourceTree = "<group>"; };
		947ADF3AC0B35A4659A6A0A9 /* Pods-CorduroyExample.debug.xcconfig */ = {isa = PBXFileReference; includeInIndex = 1; lastKnownFileType = text.xcconfig; name = "Pods-CorduroyExample.debug.xcconfig"; path = "Target Support Files/Pods-CorduroyExample/Pods-CorduroyExample.debug.xcconfig"; sourceTree = "<group>"; };
		954F4CBAAEA48633E74F5565 /* Pods_CorduroyExample.framework */ = {isa = PBXFileReference; explicitFileType = wrapper.framework; includeInIndex = 0; path = Pods_CorduroyExample.framework; sourceTree = BUILT_PRODUCTS_DIR; };
		ABB9631921632C7800519963 /* SettingsViewController.swift */ = {isa = PBXFileReference; lastKnownFileType = sourcecode.swift; path = SettingsViewController.swift; sourceTree = "<group>"; };
		ABB9631B21658FB200519963 /* Signup.storyboard */ = {isa = PBXFileReference; lastKnownFileType = file.storyboard; path = Signup.storyboard; sourceTree = "<group>"; };
/* End PBXFileReference section */

/* Begin PBXFrameworksBuildPhase section */
		9306913B200BEC1D00B1C9B9 /* Frameworks */ = {
			isa = PBXFrameworksBuildPhase;
			buildActionMask = 2147483647;
			files = (
				CD8A66525B4CE6CCBDCF5902 /* Pods_CorduroyExample.framework in Frameworks */,
			);
			runOnlyForDeploymentPostprocessing = 0;
		};
/* End PBXFrameworksBuildPhase section */

/* Begin PBXGroup section */
		370768B21CC26941E17715B0 /* Pods */ = {
			isa = PBXGroup;
			children = (
				947ADF3AC0B35A4659A6A0A9 /* Pods-CorduroyExample.debug.xcconfig */,
				28A7F94775841F7FE1338178 /* Pods-CorduroyExample.release.xcconfig */,
			);
			name = Pods;
			path = ../Pods;
			sourceTree = "<group>";
		};
		93069135200BEC1D00B1C9B9 = {
			isa = PBXGroup;
			children = (
				93069140200BEC1D00B1C9B9 /* CorduroyExample */,
				9306913F200BEC1D00B1C9B9 /* Products */,
				370768B21CC26941E17715B0 /* Pods */,
				B1E2E4DA467A460F8632879A /* Frameworks */,
			);
			sourceTree = "<group>";
		};
		9306913F200BEC1D00B1C9B9 /* Products */ = {
			isa = PBXGroup;
			children = (
				9306913E200BEC1D00B1C9B9 /* CorduroyExample.app */,
			);
			name = Products;
			sourceTree = "<group>";
		};
		93069140200BEC1D00B1C9B9 /* CorduroyExample */ = {
			isa = PBXGroup;
			children = (
				93069141200BEC1D00B1C9B9 /* AppDelegate.swift */,
				936CC8BE20673F470073076D /* Welcome */,
				93069156200BED5000B1C9B9 /* Signup Flow */,
				9316D0A220538F0A00D1A5E8 /* Login Flow */,
				93069157200BED5900B1C9B9 /* Home */,
				936CC8C120673FD50073076D /* Products */,
				ABB9631821632C5D00519963 /* Settings */,
				9316D0A520538F9800D1A5E8 /* Preconditions */,
				93069153200BECD500B1C9B9 /* Supporting Files */,
			);
			path = CorduroyExample;
			sourceTree = "<group>";
		};
		93069153200BECD500B1C9B9 /* Supporting Files */ = {
			isa = PBXGroup;
			children = (
				9306914D200BEC1D00B1C9B9 /* Info.plist */,
				9316D09D20520CB700D1A5E8 /* Main.storyboard */,
				ABB9631B21658FB200519963 /* Signup.storyboard */,
				9306914A200BEC1D00B1C9B9 /* LaunchScreen.storyboard */,
			);
			path = "Supporting Files";
			sourceTree = "<group>";
		};
		93069156200BED5000B1C9B9 /* Signup Flow */ = {
			isa = PBXGroup;
			children = (
				9306915B200BED6D00B1C9B9 /* SignupFlowCoordinator.swift */,
				93069158200BED6D00B1C9B9 /* SignupFormViewController.swift */,
				9306915A200BED6D00B1C9B9 /* SignupSecurityQuestionViewController.swift */,
				93069159200BED6D00B1C9B9 /* SignupCompleteViewController.swift */,
			);
			path = "Signup Flow";
			sourceTree = "<group>";
		};
		93069157200BED5900B1C9B9 /* Home */ = {
			isa = PBXGroup;
			children = (
				93069160200BED9F00B1C9B9 /* HomeCoordinator.swift */,
				93069161200BED9F00B1C9B9 /* HomeViewController.swift */,
			);
			path = Home;
			sourceTree = "<group>";
		};
		9316D0A220538F0A00D1A5E8 /* Login Flow */ = {
			isa = PBXGroup;
			children = (
				9316D0A320538F2000D1A5E8 /* LoginFlowCoordinator.swift */,
				9316D0A82053901400D1A5E8 /* LoginViewController.swift */,
				9316D0AA2053903A00D1A5E8 /* SecurityQuestionViewController.swift */,
			);
			path = "Login Flow";
			sourceTree = "<group>";
		};
		9316D0A520538F9800D1A5E8 /* Preconditions */ = {
			isa = PBXGroup;
			children = (
				9316D0A620538FB000D1A5E8 /* LoggedInPrecondition.swift */,
			);
			path = Preconditions;
			sourceTree = "<group>";
		};
		936CC8BE20673F470073076D /* Welcome */ = {
			isa = PBXGroup;
			children = (
				93069154200BECFF00B1C9B9 /* WelcomeViewController.swift */,
			);
			path = Welcome;
			sourceTree = "<group>";
		};
		936CC8C120673FD50073076D /* Products */ = {
			isa = PBXGroup;
			children = (
				936CC8C220673FEB0073076D /* ProductsViewController.swift */,
			);
			path = Products;
			sourceTree = "<group>";
		};
		ABB9631821632C5D00519963 /* Settings */ = {
			isa = PBXGroup;
			children = (
				ABB9631921632C7800519963 /* SettingsViewController.swift */,
			);
			path = Settings;
			sourceTree = "<group>";
		};
		B1E2E4DA467A460F8632879A /* Frameworks */ = {
			isa = PBXGroup;
			children = (
				954F4CBAAEA48633E74F5565 /* Pods_CorduroyExample.framework */,
			);
			name = Frameworks;
			sourceTree = "<group>";
		};
/* End PBXGroup section */

/* Begin PBXNativeTarget section */
		9306913D200BEC1D00B1C9B9 /* CorduroyExample */ = {
			isa = PBXNativeTarget;
			buildConfigurationList = 93069150200BEC1D00B1C9B9 /* Build configuration list for PBXNativeTarget "CorduroyExample" */;
			buildPhases = (
				00F7A7B443EE97B6024B16BF /* [CP] Check Pods Manifest.lock */,
				9306913A200BEC1D00B1C9B9 /* Sources */,
				9306913B200BEC1D00B1C9B9 /* Frameworks */,
				9306913C200BEC1D00B1C9B9 /* Resources */,
				930C0895200BFC7100B0B934 /* Embed Frameworks */,
				63D7B9DFAF90AE576720D526 /* [CP] Embed Pods Frameworks */,
			);
			buildRules = (
			);
			dependencies = (
			);
			name = CorduroyExample;
			productName = CorduroyExample;
			productReference = 9306913E200BEC1D00B1C9B9 /* CorduroyExample.app */;
			productType = "com.apple.product-type.application";
		};
/* End PBXNativeTarget section */

/* Begin PBXProject section */
		93069136200BEC1D00B1C9B9 /* Project object */ = {
			isa = PBXProject;
			attributes = {
				LastSwiftUpdateCheck = 0920;
				LastUpgradeCheck = 1020;
				ORGANIZATIONNAME = "Aaron Bosnjak";
				TargetAttributes = {
					9306913D200BEC1D00B1C9B9 = {
						CreatedOnToolsVersion = 9.2;
						LastSwiftMigration = 1020;
						ProvisioningStyle = Automatic;
					};
				};
			};
			buildConfigurationList = 93069139200BEC1D00B1C9B9 /* Build configuration list for PBXProject "CorduroyExample" */;
			compatibilityVersion = "Xcode 8.0";
			developmentRegion = en;
			hasScannedForEncodings = 0;
			knownRegions = (
				en,
				Base,
			);
			mainGroup = 93069135200BEC1D00B1C9B9;
			productRefGroup = 9306913F200BEC1D00B1C9B9 /* Products */;
			projectDirPath = "";
			projectRoot = "";
			targets = (
				9306913D200BEC1D00B1C9B9 /* CorduroyExample */,
			);
		};
/* End PBXProject section */

/* Begin PBXResourcesBuildPhase section */
		9306913C200BEC1D00B1C9B9 /* Resources */ = {
			isa = PBXResourcesBuildPhase;
			buildActionMask = 2147483647;
			files = (
				9306914C200BEC1D00B1C9B9 /* LaunchScreen.storyboard in Resources */,
				ABB9631C21658FB200519963 /* Signup.storyboard in Resources */,
				9316D09E20520CB700D1A5E8 /* Main.storyboard in Resources */,
			);
			runOnlyForDeploymentPostprocessing = 0;
		};
/* End PBXResourcesBuildPhase section */

/* Begin PBXShellScriptBuildPhase section */
		00F7A7B443EE97B6024B16BF /* [CP] Check Pods Manifest.lock */ = {
			isa = PBXShellScriptBuildPhase;
			buildActionMask = 2147483647;
			files = (
			);
			inputFileListPaths = (
			);
			inputPaths = (
				"${PODS_PODFILE_DIR_PATH}/Podfile.lock",
				"${PODS_ROOT}/Manifest.lock",
			);
			name = "[CP] Check Pods Manifest.lock";
			outputFileListPaths = (
			);
			outputPaths = (
				"$(DERIVED_FILE_DIR)/Pods-CorduroyExample-checkManifestLockResult.txt",
			);
			runOnlyForDeploymentPostprocessing = 0;
			shellPath = /bin/sh;
			shellScript = "diff \"${PODS_PODFILE_DIR_PATH}/Podfile.lock\" \"${PODS_ROOT}/Manifest.lock\" > /dev/null\nif [ $? != 0 ] ; then\n    # print error to STDERR\n    echo \"error: The sandbox is not in sync with the Podfile.lock. Run 'pod install' or update your CocoaPods installation.\" >&2\n    exit 1\nfi\n# This output is used by Xcode 'outputs' to avoid re-running this script phase.\necho \"SUCCESS\" > \"${SCRIPT_OUTPUT_FILE_0}\"\n";
			showEnvVarsInLog = 0;
		};
		63D7B9DFAF90AE576720D526 /* [CP] Embed Pods Frameworks */ = {
			isa = PBXShellScriptBuildPhase;
			buildActionMask = 2147483647;
			files = (
			);
			inputFileListPaths = (
			);
			inputPaths = (
				"${PODS_ROOT}/Target Support Files/Pods-CorduroyExample/Pods-CorduroyExample-frameworks.sh",
				"${BUILT_PRODUCTS_DIR}/Corduroy/Corduroy.framework",
			);
			name = "[CP] Embed Pods Frameworks";
			outputFileListPaths = (
			);
			outputPaths = (
				"${TARGET_BUILD_DIR}/${FRAMEWORKS_FOLDER_PATH}/Corduroy.framework",
			);
			runOnlyForDeploymentPostprocessing = 0;
			shellPath = /bin/sh;
			shellScript = "\"${PODS_ROOT}/Target Support Files/Pods-CorduroyExample/Pods-CorduroyExample-frameworks.sh\"\n";
			showEnvVarsInLog = 0;
		};
/* End PBXShellScriptBuildPhase section */

/* Begin PBXSourcesBuildPhase section */
		9306913A200BEC1D00B1C9B9 /* Sources */ = {
			isa = PBXSourcesBuildPhase;
			buildActionMask = 2147483647;
			files = (
				9306915C200BED6D00B1C9B9 /* SignupFormViewController.swift in Sources */,
				93069155200BED0000B1C9B9 /* WelcomeViewController.swift in Sources */,
				936CC8C320673FEB0073076D /* ProductsViewController.swift in Sources */,
				9306915F200BED6D00B1C9B9 /* SignupFlowCoordinator.swift in Sources */,
				93069163200BED9F00B1C9B9 /* HomeViewController.swift in Sources */,
				93069142200BEC1D00B1C9B9 /* AppDelegate.swift in Sources */,
				9306915E200BED6D00B1C9B9 /* SignupSecurityQuestionViewController.swift in Sources */,
				9316D0A720538FB000D1A5E8 /* LoggedInPrecondition.swift in Sources */,
				9316D0A420538F2000D1A5E8 /* LoginFlowCoordinator.swift in Sources */,
				ABB9631A21632C7800519963 /* SettingsViewController.swift in Sources */,
				93069162200BED9F00B1C9B9 /* HomeCoordinator.swift in Sources */,
				9306915D200BED6D00B1C9B9 /* SignupCompleteViewController.swift in Sources */,
				9316D0AB2053903A00D1A5E8 /* SecurityQuestionViewController.swift in Sources */,
				9316D0A92053901400D1A5E8 /* LoginViewController.swift in Sources */,
			);
			runOnlyForDeploymentPostprocessing = 0;
		};
/* End PBXSourcesBuildPhase section */

/* Begin PBXVariantGroup section */
		9306914A200BEC1D00B1C9B9 /* LaunchScreen.storyboard */ = {
			isa = PBXVariantGroup;
			children = (
				9306914B200BEC1D00B1C9B9 /* Base */,
			);
			name = LaunchScreen.storyboard;
			sourceTree = "<group>";
		};
/* End PBXVariantGroup section */

/* Begin XCBuildConfiguration section */
		9306914E200BEC1D00B1C9B9 /* Debug */ = {
			isa = XCBuildConfiguration;
			buildSettings = {
				ALWAYS_SEARCH_USER_PATHS = NO;
				CLANG_ANALYZER_NONNULL = YES;
				CLANG_ANALYZER_NUMBER_OBJECT_CONVERSION = YES_AGGRESSIVE;
				CLANG_CXX_LANGUAGE_STANDARD = "gnu++14";
				CLANG_CXX_LIBRARY = "libc++";
				CLANG_ENABLE_MODULES = YES;
				CLANG_ENABLE_OBJC_ARC = YES;
				CLANG_WARN_BLOCK_CAPTURE_AUTORELEASING = YES;
				CLANG_WARN_BOOL_CONVERSION = YES;
				CLANG_WARN_COMMA = YES;
				CLANG_WARN_CONSTANT_CONVERSION = YES;
				CLANG_WARN_DEPRECATED_OBJC_IMPLEMENTATIONS = YES;
				CLANG_WARN_DIRECT_OBJC_ISA_USAGE = YES_ERROR;
				CLANG_WARN_DOCUMENTATION_COMMENTS = YES;
				CLANG_WARN_EMPTY_BODY = YES;
				CLANG_WARN_ENUM_CONVERSION = YES;
				CLANG_WARN_INFINITE_RECURSION = YES;
				CLANG_WARN_INT_CONVERSION = YES;
				CLANG_WARN_NON_LITERAL_NULL_CONVERSION = YES;
				CLANG_WARN_OBJC_IMPLICIT_RETAIN_SELF = YES;
				CLANG_WARN_OBJC_LITERAL_CONVERSION = YES;
				CLANG_WARN_OBJC_ROOT_CLASS = YES_ERROR;
				CLANG_WARN_RANGE_LOOP_ANALYSIS = YES;
				CLANG_WARN_STRICT_PROTOTYPES = YES;
				CLANG_WARN_SUSPICIOUS_MOVE = YES;
				CLANG_WARN_UNGUARDED_AVAILABILITY = YES_AGGRESSIVE;
				CLANG_WARN_UNREACHABLE_CODE = YES;
				CLANG_WARN__DUPLICATE_METHOD_MATCH = YES;
				CODE_SIGN_IDENTITY = "iPhone Developer";
				COPY_PHASE_STRIP = NO;
				DEBUG_INFORMATION_FORMAT = dwarf;
				ENABLE_STRICT_OBJC_MSGSEND = YES;
				ENABLE_TESTABILITY = YES;
				GCC_C_LANGUAGE_STANDARD = gnu11;
				GCC_DYNAMIC_NO_PIC = NO;
				GCC_NO_COMMON_BLOCKS = YES;
				GCC_OPTIMIZATION_LEVEL = 0;
				GCC_PREPROCESSOR_DEFINITIONS = (
					"DEBUG=1",
					"$(inherited)",
				);
				GCC_WARN_64_TO_32_BIT_CONVERSION = YES;
				GCC_WARN_ABOUT_RETURN_TYPE = YES_ERROR;
				GCC_WARN_UNDECLARED_SELECTOR = YES;
				GCC_WARN_UNINITIALIZED_AUTOS = YES_AGGRESSIVE;
				GCC_WARN_UNUSED_FUNCTION = YES;
				GCC_WARN_UNUSED_VARIABLE = YES;
				IPHONEOS_DEPLOYMENT_TARGET = 11.2;
				MTL_ENABLE_DEBUG_INFO = YES;
				ONLY_ACTIVE_ARCH = YES;
				SDKROOT = iphoneos;
				SWIFT_ACTIVE_COMPILATION_CONDITIONS = DEBUG;
				SWIFT_OPTIMIZATION_LEVEL = "-Onone";
				SWIFT_VERSION = 5.0;
			};
			name = Debug;
		};
		9306914F200BEC1D00B1C9B9 /* Release */ = {
			isa = XCBuildConfiguration;
			buildSettings = {
				ALWAYS_SEARCH_USER_PATHS = NO;
				CLANG_ANALYZER_NONNULL = YES;
				CLANG_ANALYZER_NUMBER_OBJECT_CONVERSION = YES_AGGRESSIVE;
				CLANG_CXX_LANGUAGE_STANDARD = "gnu++14";
				CLANG_CXX_LIBRARY = "libc++";
				CLANG_ENABLE_MODULES = YES;
				CLANG_ENABLE_OBJC_ARC = YES;
				CLANG_WARN_BLOCK_CAPTURE_AUTORELEASING = YES;
				CLANG_WARN_BOOL_CONVERSION = YES;
				CLANG_WARN_COMMA = YES;
				CLANG_WARN_CONSTANT_CONVERSION = YES;
				CLANG_WARN_DEPRECATED_OBJC_IMPLEMENTATIONS = YES;
				CLANG_WARN_DIRECT_OBJC_ISA_USAGE = YES_ERROR;
				CLANG_WARN_DOCUMENTATION_COMMENTS = YES;
				CLANG_WARN_EMPTY_BODY = YES;
				CLANG_WARN_ENUM_CONVERSION = YES;
				CLANG_WARN_INFINITE_RECURSION = YES;
				CLANG_WARN_INT_CONVERSION = YES;
				CLANG_WARN_NON_LITERAL_NULL_CONVERSION = YES;
				CLANG_WARN_OBJC_IMPLICIT_RETAIN_SELF = YES;
				CLANG_WARN_OBJC_LITERAL_CONVERSION = YES;
				CLANG_WARN_OBJC_ROOT_CLASS = YES_ERROR;
				CLANG_WARN_RANGE_LOOP_ANALYSIS = YES;
				CLANG_WARN_STRICT_PROTOTYPES = YES;
				CLANG_WARN_SUSPICIOUS_MOVE = YES;
				CLANG_WARN_UNGUARDED_AVAILABILITY = YES_AGGRESSIVE;
				CLANG_WARN_UNREACHABLE_CODE = YES;
				CLANG_WARN__DUPLICATE_METHOD_MATCH = YES;
				CODE_SIGN_IDENTITY = "iPhone Developer";
				COPY_PHASE_STRIP = NO;
				DEBUG_INFORMATION_FORMAT = "dwarf-with-dsym";
				ENABLE_NS_ASSERTIONS = NO;
				ENABLE_STRICT_OBJC_MSGSEND = YES;
				GCC_C_LANGUAGE_STANDARD = gnu11;
				GCC_NO_COMMON_BLOCKS = YES;
				GCC_WARN_64_TO_32_BIT_CONVERSION = YES;
				GCC_WARN_ABOUT_RETURN_TYPE = YES_ERROR;
				GCC_WARN_UNDECLARED_SELECTOR = YES;
				GCC_WARN_UNINITIALIZED_AUTOS = YES_AGGRESSIVE;
				GCC_WARN_UNUSED_FUNCTION = YES;
				GCC_WARN_UNUSED_VARIABLE = YES;
				IPHONEOS_DEPLOYMENT_TARGET = 11.2;
				MTL_ENABLE_DEBUG_INFO = NO;
				SDKROOT = iphoneos;
				SWIFT_OPTIMIZATION_LEVEL = "-Owholemodule";
				SWIFT_VERSION = 5.0;
				VALIDATE_PRODUCT = YES;
			};
			name = Release;
		};
		93069151200BEC1D00B1C9B9 /* Debug */ = {
			isa = XCBuildConfiguration;
			baseConfigurationReference = 947ADF3AC0B35A4659A6A0A9 /* Pods-CorduroyExample.debug.xcconfig */;
			buildSettings = {
				ASSETCATALOG_COMPILER_APPICON_NAME = AppIcon;
				CODE_SIGN_STYLE = Automatic;
				DEVELOPMENT_TEAM = HE8Y2NA5B5;
				INFOPLIST_FILE = "$(SRCROOT)/CorduroyExample/Supporting Files/Info.plist";
				LD_RUNPATH_SEARCH_PATHS = "$(inherited) @executable_path/Frameworks";
				PRODUCT_BUNDLE_IDENTIFIER = com.AaronBosnjak.CorduroyExample;
				PRODUCT_NAME = "$(TARGET_NAME)";
				TARGETED_DEVICE_FAMILY = "1,2";
			};
			name = Debug;
		};
		93069152200BEC1D00B1C9B9 /* Release */ = {
			isa = XCBuildConfiguration;
			baseConfigurationReference = 28A7F94775841F7FE1338178 /* Pods-CorduroyExample.release.xcconfig */;
			buildSettings = {
				ASSETCATALOG_COMPILER_APPICON_NAME = AppIcon;
				CODE_SIGN_STYLE = Automatic;
				DEVELOPMENT_TEAM = HE8Y2NA5B5;
				INFOPLIST_FILE = "$(SRCROOT)/CorduroyExample/Supporting Files/Info.plist";
				LD_RUNPATH_SEARCH_PATHS = "$(inherited) @executable_path/Frameworks";
				PRODUCT_BUNDLE_IDENTIFIER = com.AaronBosnjak.CorduroyExample;
				PRODUCT_NAME = "$(TARGET_NAME)";
				TARGETED_DEVICE_FAMILY = "1,2";
			};
			name = Release;
		};
/* End XCBuildConfiguration section */

/* Begin XCConfigurationList section */
		93069139200BEC1D00B1C9B9 /* Build configuration list for PBXProject "CorduroyExample" */ = {
			isa = XCConfigurationList;
			buildConfigurations = (
				9306914E200BEC1D00B1C9B9 /* Debug */,
				9306914F200BEC1D00B1C9B9 /* Release */,
			);
			defaultConfigurationIsVisible = 0;
			defaultConfigurationName = Release;
		};
		93069150200BEC1D00B1C9B9 /* Build configuration list for PBXNativeTarget "CorduroyExample" */ = {
			isa = XCConfigurationList;
			buildConfigurations = (
				93069151200BEC1D00B1C9B9 /* Debug */,
				93069152200BEC1D00B1C9B9 /* Release */,
			);
			defaultConfigurationIsVisible = 0;
			defaultConfigurationName = Release;
		};
/* End XCConfigurationList section */
	};
	rootObject = 93069136200BEC1D00B1C9B9 /* Project object */;
}
